
Microsoft Visual Studio Solution File, Format Version 10.00
# Visual Studio 2008
Project("{8BC9CEB8-8B4A-11D0-8D11-00A0C91BC942}") = "OBD-сканер", "OBD-сканер\OBD-сканер.vcproj", "{905A1A68-C08C-44AE-AE6F-22763CD4BA72}"
EndProject
Global
	GlobalSection(SolutionConfigurationPlatforms) = preSolution
		Debug|Win32 = Debug|Win32
		Release|Win32 = Release|Win32
	EndGlobalSection
	GlobalSection(ProjectConfigurationPlatforms) = postSolution
		{905A1A68-C08C-44AE-AE6F-22763CD4BA72}.Debug|Win32.ActiveCfg = Debug|Win32
		{905A1A68-C08C-44AE-AE6F-22763CD4BA72}.Debug|Win32.Build.0 = Debug|Win32
		{905A1A68-C08C-44AE-AE6F-22763CD4BA72}.Release|Win32.ActiveCfg = Release|Win32
		{905A1A68-C08C-44AE-AE6F-22763CD4BA72}.Release|Win32.Build.0 = Release|Win32
	EndGlobalSection
	GlobalSection(SolutionProperties) = preSolution
		HideSolutionNode = FALSE
	EndGlobalSection
EndGlobal
